
Microsoft Visual Studio Solution File, Format Version 12.00
# Visual Studio Version 16
VisualStudioVersion = 16.0.31025.194
MinimumVisualStudioVersion = 10.0.40219.1
Project("{FAE04EC0-301F-11D3-BF4B-00C04F79EFBC}") = "DataAccess", "DataAccess\DataAccess.csproj", "{ABE4B01D-52EB-468E-9C60-52F6DBB173F9}"
EndProject
Project("{FAE04EC0-301F-11D3-BF4B-00C04F79EFBC}") = "Business", "Business\Business.csproj", "{747EF52D-9770-40DE-8D11-927252E4494F}"
EndProject
Project("{FAE04EC0-301F-11D3-BF4B-00C04F79EFBC}") = "Entities", "Entities\Entities.csproj", "{09761C5F-6103-42B6-AAEF-55BE912D40B7}"
EndProject
Project("{FAE04EC0-301F-11D3-BF4B-00C04F79EFBC}") = "ConsoleUI", "ConsoleUI\ConsoleUI.csproj", "{E25CD53F-3BB1-4C96-B1BC-354DA1111341}"
EndProject
Global
	GlobalSection(SolutionConfigurationPlatforms) = preSolution
		Debug|Any CPU = Debug|Any CPU
		Release|Any CPU = Release|Any CPU
	EndGlobalSection
	GlobalSection(ProjectConfigurationPlatforms) = postSolution
		{ABE4B01D-52EB-468E-9C60-52F6DBB173F9}.Debug|Any CPU.ActiveCfg = Debug|Any CPU
		{ABE4B01D-52EB-468E-9C60-52F6DBB173F9}.Debug|Any CPU.Build.0 = Debug|Any CPU
		{ABE4B01D-52EB-468E-9C60-52F6DBB173F9}.Release|Any CPU.ActiveCfg = Release|Any CPU
		{ABE4B01D-52EB-468E-9C60-52F6DBB173F9}.Release|Any CPU.Build.0 = Release|Any CPU
		{747EF52D-9770-40DE-8D11-927252E4494F}.Debug|Any CPU.ActiveCfg = Debug|Any CPU
		{747EF52D-9770-40DE-8D11-927252E4494F}.Debug|Any CPU.Build.0 = Debug|Any CPU
		{747EF52D-9770-40DE-8D11-927252E4494F}.Release|Any CPU.ActiveCfg = Release|Any CPU
		{747EF52D-9770-40DE-8D11-927252E4494F}.Release|Any CPU.Build.0 = Release|Any CPU
		{09761C5F-6103-42B6-AAEF-55BE912D40B7}.Debug|Any CPU.ActiveCfg = Debug|Any CPU
		{09761C5F-6103-42B6-AAEF-55BE912D40B7}.Debug|Any CPU.Build.0 = Debug|Any CPU
		{09761C5F-6103-42B6-AAEF-55BE912D40B7}.Release|Any CPU.ActiveCfg = Release|Any CPU
		{09761C5F-6103-42B6-AAEF-55BE912D40B7}.Release|Any CPU.Build.0 = Release|Any CPU
		{E25CD53F-3BB1-4C96-B1BC-354DA1111341}.Debug|Any CPU.ActiveCfg = Debug|Any CPU
		{E25CD53F-3BB1-4C96-B1BC-354DA1111341}.Debug|Any CPU.Build.0 = Debug|Any CPU
		{E25CD53F-3BB1-4C96-B1BC-354DA1111341}.Release|Any CPU.ActiveCfg = Release|Any CPU
		{E25CD53F-3BB1-4C96-B1BC-354DA1111341}.Release|Any CPU.Build.0 = Release|Any CPU
	EndGlobalSection
	GlobalSection(SolutionProperties) = preSolution
		HideSolutionNode = FALSE
	EndGlobalSection
	GlobalSection(ExtensibilityGlobals) = postSolution
		SolutionGuid = {84B6371B-B9CB-4B13-87B4-A0345CF73B30}
	EndGlobalSection
EndGlobal
